# THIS IS AN AUTOGENERATED FILE. DO NOT EDIT THIS FILE DIRECTLY.
# yarn lockfile v1


"@types/node@*":
  version "11.10.4"
  resolved "https://registry.npmjs.org/@types/node/-/node-11.10.4.tgz"

"@types/unist@*", "@types/unist@^2.0.0":
  version "2.0.3"
  resolved "https://registry.npmjs.org/@types/unist/-/unist-2.0.3.tgz"

"@types/vfile-message@*":
  version "1.0.1"
  resolved "https://registry.npmjs.org/@types/vfile-message/-/vfile-message-1.0.1.tgz"
  dependencies:
    "@types/node" "*"
    "@types/unist" "*"

"@types/vfile@^3.0.0":
  version "3.0.2"
  resolved "https://registry.npmjs.org/@types/vfile/-/vfile-3.0.2.tgz"
  dependencies:
    "@types/node" "*"
    "@types/unist" "*"
    "@types/vfile-message" "*"

ansi-regex@^3.0.0:
  version "3.0.0"
  resolved "https://registry.npmjs.org/ansi-regex/-/ansi-regex-3.0.0.tgz"

ansi-styles@^3.2.1:
  version "3.2.1"
  resolved "https://registry.npmjs.org/ansi-styles/-/ansi-styles-3.2.1.tgz"
  dependencies:
    color-convert "^1.9.0"

anymatch@^2.0.0:
  version "2.0.0"
  resolved "https://registry.npmjs.org/anymatch/-/anymatch-2.0.0.tgz"
  dependencies:
    micromatch "^3.1.4"
    normalize-path "^2.1.1"

argparse@^1.0.7:
  version "1.0.9"
  resolved "https://registry.npmjs.org/argparse/-/argparse-1.0.9.tgz"
  dependencies:
    sprintf-js "~1.0.2"

arr-diff@^4.0.0:
  version "4.0.0"
  resolved "https://registry.npmjs.org/arr-diff/-/arr-diff-4.0.0.tgz"

arr-flatten@^1.1.0:
  version "1.1.0"
  resolved "https://registry.npmjs.org/arr-flatten/-/arr-flatten-1.1.0.tgz"

arr-union@^3.1.0:
  version "3.1.0"
  resolved "https://registry.npmjs.org/arr-union/-/arr-union-3.1.0.tgz"

array-iterate@^1.0.0:
  version "1.1.0"
  resolved "https://registry.npmjs.org/array-iterate/-/array-iterate-1.1.0.tgz"
  dependencies:
    has "^1.0.1"

array-unique@^0.3.2:
  version "0.3.2"
  resolved "https://registry.npmjs.org/array-unique/-/array-unique-0.3.2.tgz"

assign-symbols@^1.0.0:
  version "1.0.0"
  resolved "https://registry.npmjs.org/assign-symbols/-/assign-symbols-1.0.0.tgz"

async-each@^1.0.1:
  version "1.0.1"
  resolved "https://registry.npmjs.org/async-each/-/async-each-1.0.1.tgz"

atob@^2.1.1:
  version "2.1.2"
  resolved "https://registry.npmjs.org/atob/-/atob-2.1.2.tgz"

bail@^1.0.0:
  version "1.0.1"
  resolved "https://registry.npmjs.org/bail/-/bail-1.0.1.tgz"

balanced-match@^1.0.0:
  version "1.0.2"
  resolved "https://registry.yarnpkg.com/balanced-match/-/balanced-match-1.0.2.tgz#e83e3a7e3f300b34cb9d87f615fa0cbf357690ee"

base@^0.11.1:
  version "0.11.2"
  resolved "https://registry.npmjs.org/base/-/base-0.11.2.tgz"
  dependencies:
    cache-base "^1.0.1"
    class-utils "^0.3.5"
    component-emitter "^1.2.1"
    define-property "^1.0.0"
    isobject "^3.0.1"
    mixin-deep "^1.2.0"
    pascalcase "^0.1.1"

binary-extensions@^1.0.0:
  version "1.8.0"
  resolved "https://registry.npmjs.org/binary-extensions/-/binary-extensions-1.8.0.tgz"

bindings@^1.5.0:
  version "1.5.0"
  resolved "https://registry.yarnpkg.com/bindings/-/bindings-1.5.0.tgz#10353c9e945334bc0511a6d90b38fbc7c9c504df"
  dependencies:
    file-uri-to-path "1.0.0"

brace-expansion@^1.1.7:
  version "1.1.12"
  resolved "https://registry.yarnpkg.com/brace-expansion/-/brace-expansion-1.1.12.tgz#ab9b454466e5a8cc3a187beaad580412a9c5b843"
  dependencies:
    balanced-match "^1.0.0"
    concat-map "0.0.1"

braces@^2.3.1, braces@^2.3.2:
  version "2.3.2"
  resolved "https://registry.npmjs.org/braces/-/braces-2.3.2.tgz"
  dependencies:
    arr-flatten "^1.1.0"
    array-unique "^0.3.2"
    extend-shallow "^2.0.1"
    fill-range "^4.0.0"
    isobject "^3.0.1"
    repeat-element "^1.1.2"
    snapdragon "^0.8.1"
    snapdragon-node "^2.0.1"
    split-string "^3.0.2"
    to-regex "^3.0.1"

buffer-shims@^1.0.0:
  version "1.0.0"
  resolved "https://registry.npmjs.org/buffer-shims/-/buffer-shims-1.0.0.tgz"

cache-base@^1.0.1:
  version "1.0.1"
  resolved "https://registry.npmjs.org/cache-base/-/cache-base-1.0.1.tgz"
  dependencies:
    collection-visit "^1.0.0"
    component-emitter "^1.2.1"
    get-value "^2.0.6"
    has-value "^1.0.0"
    isobject "^3.0.1"
    set-value "^2.0.0"
    to-object-path "^0.3.0"
    union-value "^1.0.0"
    unset-value "^1.0.0"

camelcase@^5.0.0:
  version "5.0.0"
  resolved "https://registry.npmjs.org/camelcase/-/camelcase-5.0.0.tgz"

ccount@^1.0.0:
  version "1.0.1"
  resolved "https://registry.npmjs.org/ccount/-/ccount-1.0.1.tgz"

chalk@^2.0.0:
  version "2.4.2"
  resolved "https://registry.npmjs.org/chalk/-/chalk-2.4.2.tgz"
  dependencies:
    ansi-styles "^3.2.1"
    escape-string-regexp "^1.0.5"
    supports-color "^5.3.0"

character-entities-html4@^1.0.0:
  version "1.1.0"
  resolved "https://registry.npmjs.org/character-entities-html4/-/character-entities-html4-1.1.0.tgz"

character-entities-legacy@^1.0.0:
  version "1.1.0"
  resolved "https://registry.npmjs.org/character-entities-legacy/-/character-entities-legacy-1.1.0.tgz"

character-entities@^1.0.0:
  version "1.2.0"
  resolved "https://registry.npmjs.org/character-entities/-/character-entities-1.2.0.tgz"

character-reference-invalid@^1.0.0:
  version "1.1.0"
  resolved "https://registry.npmjs.org/character-reference-invalid/-/character-reference-invalid-1.1.0.tgz"

chokidar@^2.0.0:
  version "2.1.2"
  resolved "https://registry.npmjs.org/chokidar/-/chokidar-2.1.2.tgz"
  dependencies:
    anymatch "^2.0.0"
    async-each "^1.0.1"
    braces "^2.3.2"
    glob-parent "^3.1.0"
    inherits "^2.0.3"
    is-binary-path "^1.0.0"
    is-glob "^4.0.0"
    normalize-path "^3.0.0"
    path-is-absolute "^1.0.0"
    readdirp "^2.2.1"
    upath "^1.1.0"
  optionalDependencies:
    fsevents "^1.2.7"

class-utils@^0.3.5:
  version "0.3.6"
  resolved "https://registry.npmjs.org/class-utils/-/class-utils-0.3.6.tgz"
  dependencies:
    arr-union "^3.1.0"
    define-property "^0.2.5"
    isobject "^3.0.0"
    static-extend "^0.1.1"

co@3.1.0:
  version "3.1.0"
  resolved "https://registry.npmjs.org/co/-/co-3.1.0.tgz"

collapse-white-space@^1.0.2:
  version "1.0.2"
  resolved "https://registry.npmjs.org/collapse-white-space/-/collapse-white-space-1.0.2.tgz"

collection-visit@^1.0.0:
  version "1.0.0"
  resolved "https://registry.npmjs.org/collection-visit/-/collection-visit-1.0.0.tgz"
  dependencies:
    map-visit "^1.0.0"
    object-visit "^1.0.0"

color-convert@^1.9.0:
  version "1.9.3"
  resolved "https://registry.npmjs.org/color-convert/-/color-convert-1.9.3.tgz"
  dependencies:
    color-name "1.1.3"

color-name@1.1.3:
  version "1.1.3"
  resolved "https://registry.npmjs.org/color-name/-/color-name-1.1.3.tgz"

component-emitter@^1.2.1:
  version "1.2.1"
  resolved "https://registry.npmjs.org/component-emitter/-/component-emitter-1.2.1.tgz"

concat-map@0.0.1:
  version "0.0.1"
  resolved "https://registry.npmjs.org/concat-map/-/concat-map-0.0.1.tgz"

concat-stream@^1.5.1:
  version "1.6.0"
  resolved "https://registry.npmjs.org/concat-stream/-/concat-stream-1.6.0.tgz"
  dependencies:
    inherits "^2.0.3"
    readable-stream "^2.2.2"
    typedarray "^0.0.6"

copy-descriptor@^0.1.0:
  version "0.1.1"
  resolved "https://registry.npmjs.org/copy-descriptor/-/copy-descriptor-0.1.1.tgz"

core-util-is@~1.0.0:
  version "1.0.2"
  resolved "https://registry.npmjs.org/core-util-is/-/core-util-is-1.0.2.tgz"

datasets-us-states-abbr@^1.0.0:
  version "1.0.0"
  resolved "https://registry.npmjs.org/datasets-us-states-abbr/-/datasets-us-states-abbr-1.0.0.tgz"

debug@^2.2.0, debug@^2.3.3:
  version "2.6.9"
  resolved "https://registry.npmjs.org/debug/-/debug-2.6.9.tgz"
  dependencies:
    ms "2.0.0"

debug@^3.1.0:
  version "3.2.6"
  resolved "https://registry.npmjs.org/debug/-/debug-3.2.6.tgz"
  dependencies:
    ms "^2.1.1"

decode-uri-component@^0.2.0:
  version "0.2.0"
  resolved "https://registry.npmjs.org/decode-uri-component/-/decode-uri-component-0.2.0.tgz"

deep-extend@^0.6.0:
  version "0.6.0"
  resolved "https://registry.npmjs.org/deep-extend/-/deep-extend-0.6.0.tgz"

define-property@^0.2.5:
  version "0.2.5"
  resolved "https://registry.npmjs.org/define-property/-/define-property-0.2.5.tgz"
  dependencies:
    is-descriptor "^0.1.0"

define-property@^1.0.0:
  version "1.0.0"
  resolved "https://registry.npmjs.org/define-property/-/define-property-1.0.0.tgz"
  dependencies:
    is-descriptor "^1.0.0"

define-property@^2.0.2:
  version "2.0.2"
  resolved "https://registry.npmjs.org/define-property/-/define-property-2.0.2.tgz"
  dependencies:
    is-descriptor "^1.0.2"
    isobject "^3.0.1"

error-ex@^1.3.1:
  version "1.3.2"
  resolved "https://registry.npmjs.org/error-ex/-/error-ex-1.3.2.tgz"
  dependencies:
    is-arrayish "^0.2.1"

escape-string-regexp@^1.0.5:
  version "1.0.5"
  resolved "https://registry.npmjs.org/escape-string-regexp/-/escape-string-regexp-1.0.5.tgz"

esprima@^3.1.1:
  version "3.1.3"
  resolved "https://registry.npmjs.org/esprima/-/esprima-3.1.3.tgz"

expand-brackets@^2.1.4:
  version "2.1.4"
  resolved "https://registry.npmjs.org/expand-brackets/-/expand-brackets-2.1.4.tgz"
  dependencies:
    debug "^2.3.3"
    define-property "^0.2.5"
    extend-shallow "^2.0.1"
    posix-character-classes "^0.1.0"
    regex-not "^1.0.0"
    snapdragon "^0.8.1"
    to-regex "^3.0.1"

extend-shallow@^2.0.1:
  version "2.0.1"
  resolved "https://registry.npmjs.org/extend-shallow/-/extend-shallow-2.0.1.tgz"
  dependencies:
    is-extendable "^0.1.0"

extend-shallow@^3.0.0, extend-shallow@^3.0.2:
  version "3.0.2"
  resolved "https://registry.npmjs.org/extend-shallow/-/extend-shallow-3.0.2.tgz"
  dependencies:
    assign-symbols "^1.0.0"
    is-extendable "^1.0.1"

extend@^3.0.0:
  version "3.0.2"
  resolved "https://registry.yarnpkg.com/extend/-/extend-3.0.2.tgz#f8b1136b4071fbd8eb140aff858b1019ec2915fa"

extglob@^2.0.4:
  version "2.0.4"
  resolved "https://registry.npmjs.org/extglob/-/extglob-2.0.4.tgz"
  dependencies:
    array-unique "^0.3.2"
    define-property "^1.0.0"
    expand-brackets "^2.1.4"
    extend-shallow "^2.0.1"
    fragment-cache "^0.2.1"
    regex-not "^1.0.0"
    snapdragon "^0.8.1"
    to-regex "^3.0.1"

fault@^1.0.0, fault@^1.0.2:
  version "1.0.2"
  resolved "https://registry.npmjs.org/fault/-/fault-1.0.2.tgz"
  dependencies:
    format "^0.2.2"

file-uri-to-path@1.0.0:
  version "1.0.0"
  resolved "https://registry.yarnpkg.com/file-uri-to-path/-/file-uri-to-path-1.0.0.tgz#553a7b8446ff6f684359c445f1e37a05dacc33dd"

fill-range@^4.0.0:
  version "4.0.0"
  resolved "https://registry.npmjs.org/fill-range/-/fill-range-4.0.0.tgz"
  dependencies:
    extend-shallow "^2.0.1"
    is-number "^3.0.0"
    repeat-string "^1.6.1"
    to-regex-range "^2.1.0"

fn-name@^2.0.1:
  version "2.0.1"
  resolved "https://registry.npmjs.org/fn-name/-/fn-name-2.0.1.tgz"

for-in@^1.0.2:
  version "1.0.2"
  resolved "https://registry.npmjs.org/for-in/-/for-in-1.0.2.tgz"

format@^0.2.2:
  version "0.2.2"
  resolved "https://registry.npmjs.org/format/-/format-0.2.2.tgz"

fragment-cache@^0.2.1:
  version "0.2.1"
  resolved "https://registry.npmjs.org/fragment-cache/-/fragment-cache-0.2.1.tgz"
  dependencies:
    map-cache "^0.2.2"

fs.realpath@^1.0.0:
  version "1.0.0"
  resolved "https://registry.npmjs.org/fs.realpath/-/fs.realpath-1.0.0.tgz"

fsevents@^1.2.7:
  version "1.2.13"
  resolved "https://registry.yarnpkg.com/fsevents/-/fsevents-1.2.13.tgz#f325cb0455592428bcf11b383370ef70e3bfcc38"
  dependencies:
    bindings "^1.5.0"
    nan "^2.12.1"

function-bind@^1.0.2:
  version "1.1.0"
  resolved "https://registry.npmjs.org/function-bind/-/function-bind-1.1.0.tgz"

get-value@^2.0.3, get-value@^2.0.6:
  version "2.0.6"
  resolved "https://registry.npmjs.org/get-value/-/get-value-2.0.6.tgz"

glob-parent@^3.1.0:
  version "3.1.0"
  resolved "https://registry.npmjs.org/glob-parent/-/glob-parent-3.1.0.tgz"
  dependencies:
    is-glob "^3.1.0"
    path-dirname "^1.0.0"

glob@^7.0.3:
  version "7.1.1"
  resolved "https://registry.npmjs.org/glob/-/glob-7.1.1.tgz"
  dependencies:
    fs.realpath "^1.0.0"
    inflight "^1.0.4"
    inherits "2"
    minimatch "^3.0.2"
    once "^1.3.0"
    path-is-absolute "^1.0.0"

graceful-fs@^4.1.11:
  version "4.1.15"
  resolved "https://registry.npmjs.org/graceful-fs/-/graceful-fs-4.1.15.tgz"

has-flag@^3.0.0:
  version "3.0.0"
  resolved "https://registry.npmjs.org/has-flag/-/has-flag-3.0.0.tgz"

has-value@^0.3.1:
  version "0.3.1"
  resolved "https://registry.npmjs.org/has-value/-/has-value-0.3.1.tgz"
  dependencies:
    get-value "^2.0.3"
    has-values "^0.1.4"
    isobject "^2.0.0"

has-value@^1.0.0:
  version "1.0.0"
  resolved "https://registry.npmjs.org/has-value/-/has-value-1.0.0.tgz"
  dependencies:
    get-value "^2.0.6"
    has-values "^1.0.0"
    isobject "^3.0.0"

has-values@^0.1.4:
  version "0.1.4"
  resolved "https://registry.npmjs.org/has-values/-/has-values-0.1.4.tgz"

has-values@^1.0.0:
  version "1.0.0"
  resolved "https://registry.npmjs.org/has-values/-/has-values-1.0.0.tgz"
  dependencies:
    is-number "^3.0.0"
    kind-of "^4.0.0"

has@^1.0.1:
  version "1.0.1"
  resolved "https://registry.npmjs.org/has/-/has-1.0.1.tgz"
  dependencies:
    function-bind "^1.0.2"

ignore@^3.2.0:
  version "3.2.6"
  resolved "https://registry.npmjs.org/ignore/-/ignore-3.2.6.tgz"

inflight@^1.0.4:
  version "1.0.6"
  resolved "https://registry.npmjs.org/inflight/-/inflight-1.0.6.tgz"
  dependencies:
    once "^1.3.0"
    wrappy "1"

inherits@2, inherits@^2.0.1, inherits@^2.0.3, inherits@~2.0.1:
  version "2.0.3"
  resolved "https://registry.npmjs.org/inherits/-/inherits-2.0.3.tgz"

ini@~1.3.0:
  version "1.3.8"
  resolved "https://registry.yarnpkg.com/ini/-/ini-1.3.8.tgz#a29da425b48806f34767a4efce397269af28432c"

irregular-plurals@^1.0.0:
  version "1.2.0"
  resolved "https://registry.npmjs.org/irregular-plurals/-/irregular-plurals-1.2.0.tgz"

is-accessor-descriptor@^0.1.6:
  version "0.1.6"
  resolved "https://registry.npmjs.org/is-accessor-descriptor/-/is-accessor-descriptor-0.1.6.tgz"
  dependencies:
    kind-of "^3.0.2"

is-accessor-descriptor@^1.0.0:
  version "1.0.0"
  resolved "https://registry.npmjs.org/is-accessor-descriptor/-/is-accessor-descriptor-1.0.0.tgz"
  dependencies:
    kind-of "^6.0.0"

is-alphabetical@^1.0.0:
  version "1.0.0"
  resolved "https://registry.npmjs.org/is-alphabetical/-/is-alphabetical-1.0.0.tgz"

is-alphanumeric@^1.0.0:
  version "1.0.0"
  resolved "https://registry.npmjs.org/is-alphanumeric/-/is-alphanumeric-1.0.0.tgz"

is-alphanumerical@^1.0.0:
  version "1.0.0"
  resolved "https://registry.npmjs.org/is-alphanumerical/-/is-alphanumerical-1.0.0.tgz"
  dependencies:
    is-alphabetical "^1.0.0"
    is-decimal "^1.0.0"

is-arrayish@^0.2.1:
  version "0.2.1"
  resolved "https://registry.npmjs.org/is-arrayish/-/is-arrayish-0.2.1.tgz"

is-binary-path@^1.0.0:
  version "1.0.1"
  resolved "https://registry.npmjs.org/is-binary-path/-/is-binary-path-1.0.1.tgz"
  dependencies:
    binary-extensions "^1.0.0"

is-buffer@^1.1.5:
  version "1.1.6"
  resolved "https://registry.npmjs.org/is-buffer/-/is-buffer-1.1.6.tgz"

is-buffer@^2.0.0:
  version "2.0.3"
  resolved "https://registry.npmjs.org/is-buffer/-/is-buffer-2.0.3.tgz"

is-data-descriptor@^0.1.4:
  version "0.1.4"
  resolved "https://registry.npmjs.org/is-data-descriptor/-/is-data-descriptor-0.1.4.tgz"
  dependencies:
    kind-of "^3.0.2"

is-data-descriptor@^1.0.0:
  version "1.0.0"
  resolved "https://registry.npmjs.org/is-data-descriptor/-/is-data-descriptor-1.0.0.tgz"
  dependencies:
    kind-of "^6.0.0"

is-decimal@^1.0.0:
  version "1.0.0"
  resolved "https://registry.npmjs.org/is-decimal/-/is-decimal-1.0.0.tgz"

is-descriptor@^0.1.0:
  version "0.1.6"
  resolved "https://registry.npmjs.org/is-descriptor/-/is-descriptor-0.1.6.tgz"
  dependencies:
    is-accessor-descriptor "^0.1.6"
    is-data-descriptor "^0.1.4"
    kind-of "^5.0.0"

is-descriptor@^1.0.0, is-descriptor@^1.0.2:
  version "1.0.2"
  resolved "https://registry.npmjs.org/is-descriptor/-/is-descriptor-1.0.2.tgz"
  dependencies:
    is-accessor-descriptor "^1.0.0"
    is-data-descriptor "^1.0.0"
    kind-of "^6.0.2"

is-empty@^1.0.0:
  version "1.2.0"
  resolved "https://registry.npmjs.org/is-empty/-/is-empty-1.2.0.tgz"

is-extendable@^0.1.0, is-extendable@^0.1.1:
  version "0.1.1"
  resolved "https://registry.npmjs.org/is-extendable/-/is-extendable-0.1.1.tgz"

is-extendable@^1.0.1:
  version "1.0.1"
  resolved "https://registry.npmjs.org/is-extendable/-/is-extendable-1.0.1.tgz"
  dependencies:
    is-plain-object "^2.0.4"

is-extglob@^2.1.0, is-extglob@^2.1.1:
  version "2.1.1"
  resolved "https://registry.npmjs.org/is-extglob/-/is-extglob-2.1.1.tgz"

is-fullwidth-code-point@^2.0.0:
  version "2.0.0"
  resolved "https://registry.npmjs.org/is-fullwidth-code-point/-/is-fullwidth-code-point-2.0.0.tgz"

is-glob@^3.1.0:
  version "3.1.0"
  resolved "https://registry.npmjs.org/is-glob/-/is-glob-3.1.0.tgz"
  dependencies:
    is-extglob "^2.1.0"

is-glob@^4.0.0:
  version "4.0.0"
  resolved "https://registry.npmjs.org/is-glob/-/is-glob-4.0.0.tgz"
  dependencies:
    is-extglob "^2.1.1"

is-hexadecimal@^1.0.0:
  version "1.0.0"
  resolved "https://registry.npmjs.org/is-hexadecimal/-/is-hexadecimal-1.0.0.tgz"

is-hidden@^1.0.1:
  version "1.1.0"
  resolved "https://registry.npmjs.org/is-hidden/-/is-hidden-1.1.0.tgz"

is-number@^3.0.0:
  version "3.0.0"
  resolved "https://registry.npmjs.org/is-number/-/is-number-3.0.0.tgz"
  dependencies:
    kind-of "^3.0.2"

is-object@^1.0.1:
  version "1.0.1"
  resolved "https://registry.npmjs.org/is-object/-/is-object-1.0.1.tgz"

is-plain-obj@^1.1.0:
  version "1.1.0"
  resolved "https://registry.npmjs.org/is-plain-obj/-/is-plain-obj-1.1.0.tgz"

is-plain-object@^2.0.1, is-plain-object@^2.0.3, is-plain-object@^2.0.4:
  version "2.0.4"
  resolved "https://registry.npmjs.org/is-plain-object/-/is-plain-object-2.0.4.tgz"
  dependencies:
    isobject "^3.0.1"

is-whitespace-character@^1.0.0:
  version "1.0.0"
  resolved "https://registry.npmjs.org/is-whitespace-character/-/is-whitespace-character-1.0.0.tgz"

is-windows@^1.0.2:
  version "1.0.2"
  resolved "https://registry.npmjs.org/is-windows/-/is-windows-1.0.2.tgz"

is-word-character@^1.0.0:
  version "1.0.0"
  resolved "https://registry.npmjs.org/is-word-character/-/is-word-character-1.0.0.tgz"

isarray@1.0.0, isarray@~1.0.0:
  version "1.0.0"
  resolved "https://registry.npmjs.org/isarray/-/isarray-1.0.0.tgz"

isobject@^2.0.0:
  version "2.1.0"
  resolved "https://registry.npmjs.org/isobject/-/isobject-2.1.0.tgz"
  dependencies:
    isarray "1.0.0"

isobject@^3.0.0, isobject@^3.0.1:
  version "3.0.1"
  resolved "https://registry.npmjs.org/isobject/-/isobject-3.0.1.tgz"

js-yaml@^3.6.1:
  version "3.8.2"
  resolved "https://registry.npmjs.org/js-yaml/-/js-yaml-3.8.2.tgz"
  dependencies:
    argparse "^1.0.7"
    esprima "^3.1.1"

json-parse-better-errors@^1.0.1:
  version "1.0.2"
  resolved "https://registry.npmjs.org/json-parse-better-errors/-/json-parse-better-errors-1.0.2.tgz"

json5@^1.0.0:
  version "1.0.1"
  resolved "https://registry.npmjs.org/json5/-/json5-1.0.1.tgz"
  dependencies:
    minimist "^1.2.0"

kind-of@^3.0.2, kind-of@^3.0.3, kind-of@^3.2.0:
  version "3.2.2"
  resolved "https://registry.npmjs.org/kind-of/-/kind-of-3.2.2.tgz"
  dependencies:
    is-buffer "^1.1.5"

kind-of@^4.0.0:
  version "4.0.0"
  resolved "https://registry.npmjs.org/kind-of/-/kind-of-4.0.0.tgz"
  dependencies:
    is-buffer "^1.1.5"

kind-of@^5.0.0:
  version "5.1.0"
  resolved "https://registry.npmjs.org/kind-of/-/kind-of-5.1.0.tgz"

kind-of@^6.0.0, kind-of@^6.0.2:
  version "6.0.2"
  resolved "https://registry.npmjs.org/kind-of/-/kind-of-6.0.2.tgz"

load-plugin@^2.0.0:
  version "2.1.0"
  resolved "https://registry.npmjs.org/load-plugin/-/load-plugin-2.1.0.tgz"
  dependencies:
    npm-prefix "^1.2.0"
    resolve-from "^2.0.0"

longest-streak@^2.0.1:
  version "2.0.1"
  resolved "https://registry.npmjs.org/longest-streak/-/longest-streak-2.0.1.tgz"

map-cache@^0.2.2:
  version "0.2.2"
  resolved "https://registry.npmjs.org/map-cache/-/map-cache-0.2.2.tgz"

map-visit@^1.0.0:
  version "1.0.0"
  resolved "https://registry.npmjs.org/map-visit/-/map-visit-1.0.0.tgz"
  dependencies:
    object-visit "^1.0.0"

markdown-escapes@^1.0.0:
  version "1.0.0"
  resolved "https://registry.npmjs.org/markdown-escapes/-/markdown-escapes-1.0.0.tgz"

markdown-extensions@^1.1.0:
  version "1.1.0"
  resolved "https://registry.npmjs.org/markdown-extensions/-/markdown-extensions-1.1.0.tgz"

markdown-table@^1.1.0:
  version "1.1.0"
  resolved "https://registry.npmjs.org/markdown-table/-/markdown-table-1.1.0.tgz"

mdast-comment-marker@^1.0.0:
  version "1.0.1"
  resolved "https://registry.npmjs.org/mdast-comment-marker/-/mdast-comment-marker-1.0.1.tgz"

mdast-util-compact@^1.0.0:
  version "1.0.0"
  resolved "https://registry.npmjs.org/mdast-util-compact/-/mdast-util-compact-1.0.0.tgz"
  dependencies:
    unist-util-modify-children "^1.0.0"
    unist-util-visit "^1.1.0"

mdast-util-heading-style@^1.0.2:
  version "1.0.2"
  resolved "https://registry.npmjs.org/mdast-util-heading-style/-/mdast-util-heading-style-1.0.2.tgz"

mdast-util-to-string@^1.0.0, mdast-util-to-string@^1.0.2:
  version "1.0.2"
  resolved "https://registry.npmjs.org/mdast-util-to-string/-/mdast-util-to-string-1.0.2.tgz"

micromatch@^3.1.10, micromatch@^3.1.4:
  version "3.1.10"
  resolved "https://registry.npmjs.org/micromatch/-/micromatch-3.1.10.tgz"
  dependencies:
    arr-diff "^4.0.0"
    array-unique "^0.3.2"
    braces "^2.3.1"
    define-property "^2.0.2"
    extend-shallow "^3.0.2"
    extglob "^2.0.4"
    fragment-cache "^0.2.1"
    kind-of "^6.0.2"
    nanomatch "^1.2.9"
    object.pick "^1.3.0"
    regex-not "^1.0.0"
    snapdragon "^0.8.1"
    to-regex "^3.0.2"

minimatch@^3.0.2:
  version "3.1.2"
  resolved "https://registry.yarnpkg.com/minimatch/-/minimatch-3.1.2.tgz#19cd194bfd3e428f049a70817c038d89ab4be35b"
  dependencies:
    brace-expansion "^1.1.7"

minimist@^1.2.0:
  version "1.2.8"
  resolved "https://registry.yarnpkg.com/minimist/-/minimist-1.2.8.tgz#c1a464e7693302e082a075cee0c057741ac4772c"

mixin-deep@^1.2.0:
  version "1.3.1"
  resolved "https://registry.npmjs.org/mixin-deep/-/mixin-deep-1.3.1.tgz"
  dependencies:
    for-in "^1.0.2"
    is-extendable "^1.0.1"

ms@2.0.0:
  version "2.0.0"
  resolved "https://registry.npmjs.org/ms/-/ms-2.0.0.tgz"

ms@^2.1.1:
  version "2.1.1"
  resolved "https://registry.npmjs.org/ms/-/ms-2.1.1.tgz"

nan@^2.12.1:
  version "2.24.0"
  resolved "https://registry.yarnpkg.com/nan/-/nan-2.24.0.tgz#a8919b36e692aa5b260831910e4f81419fc0a283"

nanomatch@^1.2.9:
  version "1.2.13"
  resolved "https://registry.npmjs.org/nanomatch/-/nanomatch-1.2.13.tgz"
  dependencies:
    arr-diff "^4.0.0"
    array-unique "^0.3.2"
    define-property "^2.0.2"
    extend-shallow "^3.0.2"
    fragment-cache "^0.2.1"
    is-windows "^1.0.2"
    kind-of "^6.0.2"
    object.pick "^1.3.0"
    regex-not "^1.0.0"
    snapdragon "^0.8.1"
    to-regex "^3.0.1"

normalize-path@^2.1.1:
  version "2.1.1"
  resolved "https://registry.npmjs.org/normalize-path/-/normalize-path-2.1.1.tgz"
  dependencies:
    remove-trailing-separator "^1.0.1"

normalize-path@^3.0.0:
  version "3.0.0"
  resolved "https://registry.npmjs.org/normalize-path/-/normalize-path-3.0.0.tgz"

npm-prefix@^1.2.0:
  version "1.2.0"
  resolved "https://registry.npmjs.org/npm-prefix/-/npm-prefix-1.2.0.tgz"
  dependencies:
    rc "^1.1.0"
    shellsubstitute "^1.1.0"
    untildify "^2.1.0"

object-copy@^0.1.0:
  version "0.1.0"
  resolved "https://registry.npmjs.org/object-copy/-/object-copy-0.1.0.tgz"
  dependencies:
    copy-descriptor "^0.1.0"
    define-property "^0.2.5"
    kind-of "^3.0.3"

object-visit@^1.0.0:
  version "1.0.1"
  resolved "https://registry.npmjs.org/object-visit/-/object-visit-1.0.1.tgz"
  dependencies:
    isobject "^3.0.0"

object.pick@^1.3.0:
  version "1.3.0"
  resolved "https://registry.npmjs.org/object.pick/-/object.pick-1.3.0.tgz"
  dependencies:
    isobject "^3.0.1"

once@^1.3.0:
  version "1.3.3"
  resolved "https://registry.npmjs.org/once/-/once-1.3.3.tgz"
  dependencies:
    wrappy "1"

os-homedir@^1.0.0:
  version "1.0.2"
  resolved "https://registry.npmjs.org/os-homedir/-/os-homedir-1.0.2.tgz"

parse-entities@^1.0.2, parse-entities@^1.1.0:
  version "1.1.0"
  resolved "https://registry.npmjs.org/parse-entities/-/parse-entities-1.1.0.tgz"
  dependencies:
    character-entities "^1.0.0"
    character-entities-legacy "^1.0.0"
    character-reference-invalid "^1.0.0"
    has "^1.0.1"
    is-alphanumerical "^1.0.0"
    is-decimal "^1.0.0"
    is-hexadecimal "^1.0.0"

parse-json@^4.0.0:
  version "4.0.0"
  resolved "https://registry.npmjs.org/parse-json/-/parse-json-4.0.0.tgz"
  dependencies:
    error-ex "^1.3.1"
    json-parse-better-errors "^1.0.1"

pascalcase@^0.1.1:
  version "0.1.1"
  resolved "https://registry.npmjs.org/pascalcase/-/pascalcase-0.1.1.tgz"

path-dirname@^1.0.0:
  version "1.0.2"
  resolved "https://registry.npmjs.org/path-dirname/-/path-dirname-1.0.2.tgz"

path-is-absolute@^1.0.0:
  version "1.0.1"
  resolved "https://registry.npmjs.org/path-is-absolute/-/path-is-absolute-1.0.1.tgz"

plur@^2.1.2:
  version "2.1.2"
  resolved "https://registry.npmjs.org/plur/-/plur-2.1.2.tgz"
  dependencies:
    irregular-plurals "^1.0.0"

posix-character-classes@^0.1.0:
  version "0.1.1"
  resolved "https://registry.npmjs.org/posix-character-classes/-/posix-character-classes-0.1.1.tgz"

process-nextick-args@~1.0.6:
  version "1.0.7"
  resolved "https://registry.npmjs.org/process-nextick-args/-/process-nextick-args-1.0.7.tgz"

rc@^1.1.0:
  version "1.2.8"
  resolved "https://registry.npmjs.org/rc/-/rc-1.2.8.tgz"
  dependencies:
    deep-extend "^0.6.0"
    ini "~1.3.0"
    minimist "^1.2.0"
    strip-json-comments "~2.0.1"

readable-stream@^2.0.2, readable-stream@^2.2.2:
  version "2.2.6"
  resolved "https://registry.npmjs.org/readable-stream/-/readable-stream-2.2.6.tgz"
  dependencies:
    buffer-shims "^1.0.0"
    core-util-is "~1.0.0"
    inherits "~2.0.1"
    isarray "~1.0.0"
    process-nextick-args "~1.0.6"
    string_decoder "~0.10.x"
    util-deprecate "~1.0.1"

readdirp@^2.2.1:
  version "2.2.1"
  resolved "https://registry.npmjs.org/readdirp/-/readdirp-2.2.1.tgz"
  dependencies:
    graceful-fs "^4.1.11"
    micromatch "^3.1.10"
    readable-stream "^2.0.2"

regex-not@^1.0.0, regex-not@^1.0.2:
  version "1.0.2"
  resolved "https://registry.npmjs.org/regex-not/-/regex-not-1.0.2.tgz"
  dependencies:
    extend-shallow "^3.0.2"
    safe-regex "^1.1.0"

remark-cli@^6.0.1:
  version "6.0.1"
  resolved "https://registry.npmjs.org/remark-cli/-/remark-cli-6.0.1.tgz"
  dependencies:
    markdown-extensions "^1.1.0"
    remark "^10.0.0"
    unified-args "^6.0.0"

remark-lint-alphabetize-lists@^2.0.1:
  version "2.0.1"
  resolved "https://registry.npmjs.org/remark-lint-alphabetize-lists/-/remark-lint-alphabetize-lists-2.0.1.tgz"
  dependencies:
    mdast-util-to-string "^1.0.0"
    unified-lint-rule "^1.0.0"
    unist-util-visit "^1.0.0"

remark-lint-final-newline@^1.0.0:
  version "1.0.0"
  resolved "https://registry.npmjs.org/remark-lint-final-newline/-/remark-lint-final-newline-1.0.0.tgz"
  dependencies:
    unified-lint-rule "^1.0.0"

remark-lint-hard-break-spaces@^1.0.0:
  version "1.0.0"
  resolved "https://registry.npmjs.org/remark-lint-hard-break-spaces/-/remark-lint-hard-break-spaces-1.0.0.tgz"
  dependencies:
    unified-lint-rule "^1.0.0"
    unist-util-generated "^1.1.0"
    unist-util-position "^3.0.0"
    unist-util-visit "^1.1.1"

remark-lint-hiring-without-whiteboards-links@^0.3.2:
  version "0.3.2"
  resolved "https://registry.npmjs.org/remark-lint-hiring-without-whiteboards-links/-/remark-lint-hiring-without-whiteboards-links-0.3.2.tgz"
  dependencies:
    datasets-us-states-abbr "^1.0.0"
    mdast-util-to-string "^1.0.2"
    unified-lint-rule "^1.0.0"
    unist-util-generated "^1.1.0"
    unist-util-visit "^1.0.0"

remark-lint-list-item-bullet-indent@^1.0.0:
  version "1.0.0"
  resolved "https://registry.npmjs.org/remark-lint-list-item-bullet-indent/-/remark-lint-list-item-bullet-indent-1.0.0.tgz"
  dependencies:
    plur "^2.1.2"
    unified-lint-rule "^1.0.0"
    unist-util-generated "^1.1.0"
    unist-util-position "^3.0.0"
    unist-util-visit "^1.1.1"

remark-lint-list-item-indent@^1.0.0:
  version "1.0.0"
  resolved "https://registry.npmjs.org/remark-lint-list-item-indent/-/remark-lint-list-item-indent-1.0.0.tgz"
  dependencies:
    plur "^2.1.2"
    unified-lint-rule "^1.0.0"
    unist-util-generated "^1.1.0"
    unist-util-position "^3.0.0"
    unist-util-visit "^1.1.1"

remark-lint-no-auto-link-without-protocol@^1.0.0:
  version "1.0.0"
  resolved "https://registry.npmjs.org/remark-lint-no-auto-link-without-protocol/-/remark-lint-no-auto-link-without-protocol-1.0.0.tgz"
  dependencies:
    mdast-util-to-string "^1.0.2"
    unified-lint-rule "^1.0.0"
    unist-util-generated "^1.1.0"
    unist-util-position "^3.0.0"
    unist-util-visit "^1.1.1"

remark-lint-no-blockquote-without-marker@^2.0.0:
  version "2.0.2"
  resolved "https://registry.npmjs.org/remark-lint-no-blockquote-without-marker/-/remark-lint-no-blockquote-without-marker-2.0.2.tgz"
  dependencies:
    unified-lint-rule "^1.0.0"
    unist-util-generated "^1.1.0"
    unist-util-position "^3.0.0"
    unist-util-visit "^1.1.1"
    vfile-location "^2.0.1"

remark-lint-no-duplicate-definitions@^1.0.0:
  version "1.0.0"
  resolved "https://registry.npmjs.org/remark-lint-no-duplicate-definitions/-/remark-lint-no-duplicate-definitions-1.0.0.tgz"
  dependencies:
    unified-lint-rule "^1.0.0"
    unist-util-generated "^1.1.0"
    unist-util-position "^3.0.0"
    unist-util-visit "^1.1.1"

remark-lint-no-heading-content-indent@^1.0.0:
  version "1.0.0"
  resolved "https://registry.npmjs.org/remark-lint-no-heading-content-indent/-/remark-lint-no-heading-content-indent-1.0.0.tgz"
  dependencies:
    mdast-util-heading-style "^1.0.2"
    plur "^2.1.2"
    unified-lint-rule "^1.0.0"
    unist-util-generated "^1.1.0"
    unist-util-position "^3.0.0"
    unist-util-visit "^1.1.1"

remark-lint-no-inline-padding@^1.0.0:
  version "1.0.0"
  resolved "https://registry.npmjs.org/remark-lint-no-inline-padding/-/remark-lint-no-inline-padding-1.0.0.tgz"
  dependencies:
    mdast-util-to-string "^1.0.2"
    unified-lint-rule "^1.0.0"
    unist-util-generated "^1.1.0"
    unist-util-visit "^1.1.1"

remark-lint-no-literal-urls@^1.0.0:
  version "1.0.0"
  resolved "https://registry.npmjs.org/remark-lint-no-literal-urls/-/remark-lint-no-literal-urls-1.0.0.tgz"
  dependencies:
    mdast-util-to-string "^1.0.2"
    unified-lint-rule "^1.0.0"
    unist-util-generated "^1.1.0"
    unist-util-position "^3.0.0"
    unist-util-visit "^1.1.1"

remark-lint-no-shortcut-reference-image@^1.0.0:
  version "1.0.0"
  resolved "https://registry.npmjs.org/remark-lint-no-shortcut-reference-image/-/remark-lint-no-shortcut-reference-image-1.0.0.tgz"
  dependencies:
    unified-lint-rule "^1.0.0"
    unist-util-generated "^1.1.0"
    unist-util-visit "^1.1.1"

remark-lint-no-shortcut-reference-link@^1.0.0:
  version "1.0.0"
  resolved "https://registry.npmjs.org/remark-lint-no-shortcut-reference-link/-/remark-lint-no-shortcut-reference-link-1.0.0.tgz"
  dependencies:
    unified-lint-rule "^1.0.0"
    unist-util-generated "^1.1.0"
    unist-util-visit "^1.1.1"

remark-lint-no-tabs@^1.0.2:
  version "1.0.2"
  resolved "https://registry.npmjs.org/remark-lint-no-tabs/-/remark-lint-no-tabs-1.0.2.tgz"
  dependencies:
    unified-lint-rule "^1.0.0"
    vfile-location "^2.0.1"

remark-lint-no-trailing-spaces@^2.0.0:
  version "2.0.0"
  resolved "https://registry.npmjs.org/remark-lint-no-trailing-spaces/-/remark-lint-no-trailing-spaces-2.0.0.tgz"
  dependencies:
    unified-lint-rule "^1.0.2"

remark-lint-no-undefined-references@^1.0.0:
  version "1.0.0"
  resolved "https://registry.npmjs.org/remark-lint-no-undefined-references/-/remark-lint-no-undefined-references-1.0.0.tgz"
  dependencies:
    unified-lint-rule "^1.0.0"
    unist-util-generated "^1.1.0"
    unist-util-visit "^1.1.1"

remark-lint-no-unused-definitions@^1.0.0:
  version "1.0.0"
  resolved "https://registry.npmjs.org/remark-lint-no-unused-definitions/-/remark-lint-no-unused-definitions-1.0.0.tgz"
  dependencies:
    unified-lint-rule "^1.0.0"
    unist-util-generated "^1.1.0"
    unist-util-visit "^1.1.1"

remark-lint-no-url-trailing-slash@^3.0.1:
  version "3.0.1"
  resolved "https://registry.npmjs.org/remark-lint-no-url-trailing-slash/-/remark-lint-no-url-trailing-slash-3.0.1.tgz"
  dependencies:
    unified-lint-rule "^1.0.0"
    unist-util-visit "^1.0.0"

remark-lint-ordered-list-marker-style@^1.0.0:
  version "1.0.0"
  resolved "https://registry.npmjs.org/remark-lint-ordered-list-marker-style/-/remark-lint-ordered-list-marker-style-1.0.0.tgz"
  dependencies:
    unified-lint-rule "^1.0.0"
    unist-util-generated "^1.1.0"
    unist-util-position "^3.0.0"
    unist-util-visit "^1.1.1"

remark-lint-unordered-list-marker-style@^1.0.2:
  version "1.0.2"
  resolved "https://registry.npmjs.org/remark-lint-unordered-list-marker-style/-/remark-lint-unordered-list-marker-style-1.0.2.tgz"
  dependencies:
    unified-lint-rule "^1.0.0"
    unist-util-generated "^1.1.0"
    unist-util-position "^3.0.0"
    unist-util-visit "^1.1.1"

remark-lint@^6.0.0, remark-lint@^6.0.4:
  version "6.0.4"
  resolved "https://registry.npmjs.org/remark-lint/-/remark-lint-6.0.4.tgz"
  dependencies:
    remark-message-control "^4.0.0"

remark-message-control@^4.0.0:
  version "4.0.0"
  resolved "https://registry.npmjs.org/remark-message-control/-/remark-message-control-4.0.0.tgz"
  dependencies:
    mdast-comment-marker "^1.0.0"
    trim "0.0.1"
    unist-util-visit "^1.0.0"
    vfile-location "^2.0.0"

remark-parse@^6.0.0:
  version "6.0.3"
  resolved "https://registry.npmjs.org/remark-parse/-/remark-parse-6.0.3.tgz"
  dependencies:
    collapse-white-space "^1.0.2"
    is-alphabetical "^1.0.0"
    is-decimal "^1.0.0"
    is-whitespace-character "^1.0.0"
    is-word-character "^1.0.0"
    markdown-escapes "^1.0.0"
    parse-entities "^1.1.0"
    repeat-string "^1.5.4"
    state-toggle "^1.0.0"
    trim "0.0.1"
    trim-trailing-lines "^1.0.0"
    unherit "^1.0.4"
    unist-util-remove-position "^1.0.0"
    vfile-location "^2.0.0"
    xtend "^4.0.1"

remark-preset-lint-recommended@^3.0.2:
  version "3.0.2"
  resolved "https://registry.npmjs.org/remark-preset-lint-recommended/-/remark-preset-lint-recommended-3.0.2.tgz"
  dependencies:
    remark-lint "^6.0.0"
    remark-lint-final-newline "^1.0.0"
    remark-lint-hard-break-spaces "^1.0.0"
    remark-lint-list-item-bullet-indent "^1.0.0"
    remark-lint-list-item-indent "^1.0.0"
    remark-lint-no-auto-link-without-protocol "^1.0.0"
    remark-lint-no-blockquote-without-marker "^2.0.0"
    remark-lint-no-duplicate-definitions "^1.0.0"
    remark-lint-no-heading-content-indent "^1.0.0"
    remark-lint-no-inline-padding "^1.0.0"
    remark-lint-no-literal-urls "^1.0.0"
    remark-lint-no-shortcut-reference-image "^1.0.0"
    remark-lint-no-shortcut-reference-link "^1.0.0"
    remark-lint-no-undefined-references "^1.0.0"
    remark-lint-no-unused-definitions "^1.0.0"
    remark-lint-ordered-list-marker-style "^1.0.0"

remark-stringify@^6.0.0:
  version "6.0.4"
  resolved "https://registry.npmjs.org/remark-stringify/-/remark-stringify-6.0.4.tgz"
  dependencies:
    ccount "^1.0.0"
    is-alphanumeric "^1.0.0"
    is-decimal "^1.0.0"
    is-whitespace-character "^1.0.0"
    longest-streak "^2.0.1"
    markdown-escapes "^1.0.0"
    markdown-table "^1.1.0"
    mdast-util-compact "^1.0.0"
    parse-entities "^1.0.2"
    repeat-string "^1.5.4"
    state-toggle "^1.0.0"
    stringify-entities "^1.0.1"
    unherit "^1.0.4"
    xtend "^4.0.1"

remark@^10.0.0:
  version "10.0.1"
  resolved "https://registry.npmjs.org/remark/-/remark-10.0.1.tgz"
  dependencies:
    remark-parse "^6.0.0"
    remark-stringify "^6.0.0"
    unified "^7.0.0"

remove-trailing-separator@^1.0.1:
  version "1.1.0"
  resolved "https://registry.npmjs.org/remove-trailing-separator/-/remove-trailing-separator-1.1.0.tgz"

repeat-element@^1.1.2:
  version "1.1.2"
  resolved "https://registry.npmjs.org/repeat-element/-/repeat-element-1.1.2.tgz"

repeat-string@^1.5.0, repeat-string@^1.5.4, repeat-string@^1.6.1:
  version "1.6.1"
  resolved "https://registry.npmjs.org/repeat-string/-/repeat-string-1.6.1.tgz"

replace-ext@1.0.0:
  version "1.0.0"
  resolved "https://registry.npmjs.org/replace-ext/-/replace-ext-1.0.0.tgz"

resolve-from@^2.0.0:
  version "2.0.0"
  resolved "https://registry.npmjs.org/resolve-from/-/resolve-from-2.0.0.tgz"

resolve-url@^0.2.1:
  version "0.2.1"
  resolved "https://registry.npmjs.org/resolve-url/-/resolve-url-0.2.1.tgz"

ret@~0.1.10:
  version "0.1.15"
  resolved "https://registry.npmjs.org/ret/-/ret-0.1.15.tgz"

safe-regex@^1.1.0:
  version "1.1.0"
  resolved "https://registry.npmjs.org/safe-regex/-/safe-regex-1.1.0.tgz"
  dependencies:
    ret "~0.1.10"

set-value@^0.4.3:
  version "0.4.3"
  resolved "https://registry.npmjs.org/set-value/-/set-value-0.4.3.tgz"
  dependencies:
    extend-shallow "^2.0.1"
    is-extendable "^0.1.1"
    is-plain-object "^2.0.1"
    to-object-path "^0.3.0"

set-value@^2.0.0:
  version "2.0.0"
  resolved "https://registry.npmjs.org/set-value/-/set-value-2.0.0.tgz"
  dependencies:
    extend-shallow "^2.0.1"
    is-extendable "^0.1.1"
    is-plain-object "^2.0.3"
    split-string "^3.0.1"

shellsubstitute@^1.1.0:
  version "1.2.0"
  resolved "https://registry.npmjs.org/shellsubstitute/-/shellsubstitute-1.2.0.tgz"

sliced@^1.0.1:
  version "1.0.1"
  resolved "https://registry.npmjs.org/sliced/-/sliced-1.0.1.tgz"

snapdragon-node@^2.0.1:
  version "2.1.1"
  resolved "https://registry.npmjs.org/snapdragon-node/-/snapdragon-node-2.1.1.tgz"
  dependencies:
    define-property "^1.0.0"
    isobject "^3.0.0"
    snapdragon-util "^3.0.1"

snapdragon-util@^3.0.1:
  version "3.0.1"
  resolved "https://registry.npmjs.org/snapdragon-util/-/snapdragon-util-3.0.1.tgz"
  dependencies:
    kind-of "^3.2.0"

snapdragon@^0.8.1:
  version "0.8.2"
  resolved "https://registry.npmjs.org/snapdragon/-/snapdragon-0.8.2.tgz"
  dependencies:
    base "^0.11.1"
    debug "^2.2.0"
    define-property "^0.2.5"
    extend-shallow "^2.0.1"
    map-cache "^0.2.2"
    source-map "^0.5.6"
    source-map-resolve "^0.5.0"
    use "^3.1.0"

source-map-resolve@^0.5.0:
  version "0.5.2"
  resolved "https://registry.npmjs.org/source-map-resolve/-/source-map-resolve-0.5.2.tgz"
  dependencies:
    atob "^2.1.1"
    decode-uri-component "^0.2.0"
    resolve-url "^0.2.1"
    source-map-url "^0.4.0"
    urix "^0.1.0"

source-map-url@^0.4.0:
  version "0.4.0"
  resolved "https://registry.npmjs.org/source-map-url/-/source-map-url-0.4.0.tgz"

source-map@^0.5.6:
  version "0.5.7"
  resolved "https://registry.npmjs.org/source-map/-/source-map-0.5.7.tgz"

split-string@^3.0.1, split-string@^3.0.2:
  version "3.1.0"
  resolved "https://registry.npmjs.org/split-string/-/split-string-3.1.0.tgz"
  dependencies:
    extend-shallow "^3.0.0"

sprintf-js@~1.0.2:
  version "1.0.3"
  resolved "https://registry.npmjs.org/sprintf-js/-/sprintf-js-1.0.3.tgz"

state-toggle@^1.0.0:
  version "1.0.0"
  resolved "https://registry.npmjs.org/state-toggle/-/state-toggle-1.0.0.tgz"

static-extend@^0.1.1:
  version "0.1.2"
  resolved "https://registry.npmjs.org/static-extend/-/static-extend-0.1.2.tgz"
  dependencies:
    define-property "^0.2.5"
    object-copy "^0.1.0"

string-width@^2.0.0:
  version "2.1.1"
  resolved "https://registry.npmjs.org/string-width/-/string-width-2.1.1.tgz"
  dependencies:
    is-fullwidth-code-point "^2.0.0"
    strip-ansi "^4.0.0"

string_decoder@~0.10.x:
  version "0.10.31"
  resolved "https://registry.npmjs.org/string_decoder/-/string_decoder-0.10.31.tgz"

stringify-entities@^1.0.1:
  version "1.3.0"
  resolved "https://registry.npmjs.org/stringify-entities/-/stringify-entities-1.3.0.tgz"
  dependencies:
    character-entities-html4 "^1.0.0"
    character-entities-legacy "^1.0.0"
    has "^1.0.1"
    is-alphanumerical "^1.0.0"
    is-hexadecimal "^1.0.0"

strip-ansi@^4.0.0:
  version "4.0.0"
  resolved "https://registry.npmjs.org/strip-ansi/-/strip-ansi-4.0.0.tgz"
  dependencies:
    ansi-regex "^3.0.0"

strip-json-comments@~2.0.1:
  version "2.0.1"
  resolved "https://registry.npmjs.org/strip-json-comments/-/strip-json-comments-2.0.1.tgz"

supports-color@^5.3.0, supports-color@^5.4.0:
  version "5.5.0"
  resolved "https://registry.npmjs.org/supports-color/-/supports-color-5.5.0.tgz"
  dependencies:
    has-flag "^3.0.0"

text-table@^0.2.0:
  version "0.2.0"
  resolved "https://registry.npmjs.org/text-table/-/text-table-0.2.0.tgz"

to-object-path@^0.3.0:
  version "0.3.0"
  resolved "https://registry.npmjs.org/to-object-path/-/to-object-path-0.3.0.tgz"
  dependencies:
    kind-of "^3.0.2"

to-regex-range@^2.1.0:
  version "2.1.1"
  resolved "https://registry.npmjs.org/to-regex-range/-/to-regex-range-2.1.1.tgz"
  dependencies:
    is-number "^3.0.0"
    repeat-string "^1.6.1"

to-regex@^3.0.1, to-regex@^3.0.2:
  version "3.0.2"
  resolved "https://registry.npmjs.org/to-regex/-/to-regex-3.0.2.tgz"
  dependencies:
    define-property "^2.0.2"
    extend-shallow "^3.0.2"
    regex-not "^1.0.2"
    safe-regex "^1.1.0"

to-vfile@^4.0.0:
  version "4.0.0"
  resolved "https://registry.npmjs.org/to-vfile/-/to-vfile-4.0.0.tgz"
  dependencies:
    is-buffer "^2.0.0"
    vfile "^3.0.0"

trim-trailing-lines@^1.0.0:
  version "1.1.0"
  resolved "https://registry.npmjs.org/trim-trailing-lines/-/trim-trailing-lines-1.1.0.tgz"

trim@0.0.1:
  version "0.0.1"
  resolved "https://registry.npmjs.org/trim/-/trim-0.0.1.tgz"

trough@^1.0.0:
  version "1.0.0"
  resolved "https://registry.npmjs.org/trough/-/trough-1.0.0.tgz"

typedarray@^0.0.6:
  version "0.0.6"
  resolved "https://registry.npmjs.org/typedarray/-/typedarray-0.0.6.tgz"

unherit@^1.0.4:
  version "1.1.0"
  resolved "https://registry.npmjs.org/unherit/-/unherit-1.1.0.tgz"
  dependencies:
    inherits "^2.0.1"
    xtend "^4.0.1"

unified-args@^6.0.0:
  version "6.0.0"
  resolved "https://registry.npmjs.org/unified-args/-/unified-args-6.0.0.tgz"
  dependencies:
    camelcase "^5.0.0"
    chalk "^2.0.0"
    chokidar "^2.0.0"
    fault "^1.0.2"
    json5 "^1.0.0"
    minimist "^1.2.0"
    text-table "^0.2.0"
    unified-engine "^6.0.0"

unified-engine@^6.0.0:
  version "6.0.1"
  resolved "https://registry.npmjs.org/unified-engine/-/unified-engine-6.0.1.tgz"
  dependencies:
    concat-stream "^1.5.1"
    debug "^3.1.0"
    fault "^1.0.0"
    fn-name "^2.0.1"
    glob "^7.0.3"
    ignore "^3.2.0"
    is-empty "^1.0.0"
    is-hidden "^1.0.1"
    is-object "^1.0.1"
    js-yaml "^3.6.1"
    load-plugin "^2.0.0"
    parse-json "^4.0.0"
    to-vfile "^4.0.0"
    trough "^1.0.0"
    unist-util-inspect "^4.1.2"
    vfile-reporter "^5.0.0"
    vfile-statistics "^1.1.0"
    x-is-string "^0.1.0"
    xtend "^4.0.1"

unified-lint-rule@^1.0.0, unified-lint-rule@^1.0.2:
  version "1.0.3"
  resolved "https://registry.npmjs.org/unified-lint-rule/-/unified-lint-rule-1.0.3.tgz"
  dependencies:
    wrapped "^1.0.1"

unified@^7.0.0:
  version "7.1.0"
  resolved "https://registry.npmjs.org/unified/-/unified-7.1.0.tgz"
  dependencies:
    "@types/unist" "^2.0.0"
    "@types/vfile" "^3.0.0"
    bail "^1.0.0"
    extend "^3.0.0"
    is-plain-obj "^1.1.0"
    trough "^1.0.0"
    vfile "^3.0.0"
    x-is-string "^0.1.0"

union-value@^1.0.0:
  version "1.0.0"
  resolved "https://registry.npmjs.org/union-value/-/union-value-1.0.0.tgz"
  dependencies:
    arr-union "^3.1.0"
    get-value "^2.0.6"
    is-extendable "^0.1.1"
    set-value "^0.4.3"

unist-util-generated@^1.1.0:
  version "1.1.0"
  resolved "https://registry.npmjs.org/unist-util-generated/-/unist-util-generated-1.1.0.tgz"

unist-util-inspect@^4.1.2:
  version "4.1.3"
  resolved "https://registry.npmjs.org/unist-util-inspect/-/unist-util-inspect-4.1.3.tgz"
  dependencies:
    is-empty "^1.0.0"

unist-util-modify-children@^1.0.0:
  version "1.1.0"
  resolved "https://registry.npmjs.org/unist-util-modify-children/-/unist-util-modify-children-1.1.0.tgz"
  dependencies:
    array-iterate "^1.0.0"

unist-util-position@^3.0.0:
  version "3.0.0"
  resolved "https://registry.npmjs.org/unist-util-position/-/unist-util-position-3.0.0.tgz"

unist-util-remove-position@^1.0.0:
  version "1.1.0"
  resolved "https://registry.npmjs.org/unist-util-remove-position/-/unist-util-remove-position-1.1.0.tgz"
  dependencies:
    unist-util-visit "^1.1.0"

unist-util-stringify-position@^1.0.0, unist-util-stringify-position@^1.1.1:
  version "1.1.2"
  resolved "https://registry.npmjs.org/unist-util-stringify-position/-/unist-util-stringify-position-1.1.2.tgz"

unist-util-visit@^1.0.0, unist-util-visit@^1.1.0, unist-util-visit@^1.1.1:
  version "1.1.1"
  resolved "https://registry.npmjs.org/unist-util-visit/-/unist-util-visit-1.1.1.tgz"

unset-value@^1.0.0:
  version "1.0.0"
  resolved "https://registry.npmjs.org/unset-value/-/unset-value-1.0.0.tgz"
  dependencies:
    has-value "^0.3.1"
    isobject "^3.0.0"

untildify@^2.1.0:
  version "2.1.0"
  resolved "https://registry.npmjs.org/untildify/-/untildify-2.1.0.tgz"
  dependencies:
    os-homedir "^1.0.0"

upath@^1.1.0:
  version "1.1.0"
  resolved "https://registry.npmjs.org/upath/-/upath-1.1.0.tgz"

urix@^0.1.0:
  version "0.1.0"
  resolved "https://registry.npmjs.org/urix/-/urix-0.1.0.tgz"

use@^3.1.0:
  version "3.1.1"
  resolved "https://registry.npmjs.org/use/-/use-3.1.1.tgz"

util-deprecate@~1.0.1:
  version "1.0.2"
  resolved "https://registry.npmjs.org/util-deprecate/-/util-deprecate-1.0.2.tgz"

vfile-location@^2.0.0, vfile-location@^2.0.1:
  version "2.0.1"
  resolved "https://registry.npmjs.org/vfile-location/-/vfile-location-2.0.1.tgz"

vfile-message@^1.0.0:
  version "1.1.1"
  resolved "https://registry.npmjs.org/vfile-message/-/vfile-message-1.1.1.tgz"
  dependencies:
    unist-util-stringify-position "^1.1.1"

vfile-reporter@^5.0.0:
  version "5.1.1"
  resolved "https://registry.npmjs.org/vfile-reporter/-/vfile-reporter-5.1.1.tgz"
  dependencies:
    repeat-string "^1.5.0"
    string-width "^2.0.0"
    supports-color "^5.4.0"
    unist-util-stringify-position "^1.0.0"
    vfile-sort "^2.1.2"
    vfile-statistics "^1.1.0"

vfile-sort@^2.1.2:
  version "2.2.0"
  resolved "https://registry.npmjs.org/vfile-sort/-/vfile-sort-2.2.0.tgz"

vfile-statistics@^1.1.0:
  version "1.1.2"
  resolved "https://registry.npmjs.org/vfile-statistics/-/vfile-statistics-1.1.2.tgz"

vfile@^3.0.0:
  version "3.0.1"
  resolved "https://registry.npmjs.org/vfile/-/vfile-3.0.1.tgz"
  dependencies:
    is-buffer "^2.0.0"
    replace-ext "1.0.0"
    unist-util-stringify-position "^1.0.0"
    vfile-message "^1.0.0"

wrapped@^1.0.1:
  version "1.0.1"
  resolved "https://registry.npmjs.org/wrapped/-/wrapped-1.0.1.tgz"
  dependencies:
    co "3.1.0"
    sliced "^1.0.1"

wrappy@1:
  version "1.0.2"
  resolved "https://registry.npmjs.org/wrappy/-/wrappy-1.0.2.tgz"

x-is-string@^0.1.0:
  version "0.1.0"
  resolved "https://registry.npmjs.org/x-is-string/-/x-is-string-0.1.0.tgz"

xtend@^4.0.1:
  version "4.0.1"
  resolved "https://registry.npmjs.org/xtend/-/xtend-4.0.1.tgz"
